{
  "version": 4,
  "terraform_version": "1.4.2",
  "serial": 137,
  "lineage": "b086f6f3-3d70-6e96-604f-a1f6c9982bb7",
  "outputs": {
    "broker_alternate_dns": {
      "value": [
        [
          "kafka-0.snehal",
          "kafka-1.snehal",
          "kafka-2.snehal"
        ]
      ],
      "type": [
        "tuple",
        [
          [
            "tuple",
            [
              "string",
              "string",
              "string"
            ]
          ]
        ]
      ]
    },
    "broker_private_dns": {
      "value": [
        [
          "ip-172-32-63-81.us-west-2.compute.internal",
          "ip-172-32-78-247.us-west-2.compute.internal",
          "ip-172-32-83-112.us-west-2.compute.internal"
        ]
      ],
      "type": [
        "tuple",
        [
          [
            "tuple",
            [
              "string",
              "string",
              "string"
            ]
          ]
        ]
      ]
    },
    "cluster_data": {
      "value": {
        "ssh_key": "snehalkey_ubuntu 20.04",
        "ssh_username": "ubuntu"
      },
      "type": [
        "object",
        {
          "ssh_key": "string",
          "ssh_username": "string"
        }
      ]
    },
    "connect_alternate_dns": {
      "value": [
        [
          "connect-0.snehal"
        ]
      ],
      "type": [
        "tuple",
        [
          [
            "tuple",
            [
              "string"
            ]
          ]
        ]
      ]
    },
    "connect_private_dns": {
      "value": [
        [
          "ip-172-32-51-114.us-west-2.compute.internal"
        ]
      ],
      "type": [
        "tuple",
        [
          [
            "tuple",
            [
              "string"
            ]
          ]
        ]
      ]
    },
    "control_center_alternate_dns": {
      "value": [
        [
          "controlcenter-0.snehal"
        ]
      ],
      "type": [
        "tuple",
        [
          [
            "tuple",
            [
              "string"
            ]
          ]
        ]
      ]
    },
    "control_center_private_dns": {
      "value": [
        [
          "ip-172-32-63-171.us-west-2.compute.internal"
        ]
      ],
      "type": [
        "tuple",
        [
          [
            "tuple",
            [
              "string"
            ]
          ]
        ]
      ]
    },
    "grafana_alternate_dns": {
      "value": [
        []
      ],
      "type": [
        "tuple",
        [
          [
            "tuple",
            []
          ]
        ]
      ]
    },
    "grafana_private_dns": {
      "value": [
        []
      ],
      "type": [
        "tuple",
        [
          [
            "tuple",
            []
          ]
        ]
      ]
    },
    "ksql_alternate_dns": {
      "value": [
        [
          "ksql-0.snehal"
        ]
      ],
      "type": [
        "tuple",
        [
          [
            "tuple",
            [
              "string"
            ]
          ]
        ]
      ]
    },
    "ksql_private_dns": {
      "value": [
        [
          "ip-172-32-57-115.us-west-2.compute.internal"
        ]
      ],
      "type": [
        "tuple",
        [
          [
            "tuple",
            [
              "string"
            ]
          ]
        ]
      ]
    },
    "prometheus_alternate_dns": {
      "value": [
        []
      ],
      "type": [
        "tuple",
        [
          [
            "tuple",
            []
          ]
        ]
      ]
    },
    "prometheus_private_dns": {
      "value": [
        []
      ],
      "type": [
        "tuple",
        [
          [
            "tuple",
            []
          ]
        ]
      ]
    },
    "rest_alternate_dns": {
      "value": [
        []
      ],
      "type": [
        "tuple",
        [
          [
            "tuple",
            []
          ]
        ]
      ]
    },
    "rest_private_dns": {
      "value": [
        []
      ],
      "type": [
        "tuple",
        [
          [
            "tuple",
            []
          ]
        ]
      ]
    },
    "schema_alternate_dns": {
      "value": [
        [
          "schema-0.snehal"
        ]
      ],
      "type": [
        "tuple",
        [
          [
            "tuple",
            [
              "string"
            ]
          ]
        ]
      ]
    },
    "schema_private_dns": {
      "value": [
        [
          "ip-172-32-58-49.us-west-2.compute.internal"
        ]
      ],
      "type": [
        "tuple",
        [
          [
            "tuple",
            [
              "string"
            ]
          ]
        ]
      ]
    },
    "zookeeper_alternate_dns": {
      "value": [
        [
          "zookeeper-0.snehal",
          "zookeeper-1.snehal",
          "zookeeper-2.snehal"
        ]
      ],
      "type": [
        "tuple",
        [
          [
            "tuple",
            [
              "string",
              "string",
              "string"
            ]
          ]
        ]
      ]
    },
    "zookeeper_private_dns": {
      "value": [
        [
          "ip-172-32-62-99.us-west-2.compute.internal",
          "ip-172-32-72-53.us-west-2.compute.internal",
          "ip-172-32-92-44.us-west-2.compute.internal"
        ]
      ],
      "type": [
        "tuple",
        [
          [
            "tuple",
            [
              "string",
              "string",
              "string"
            ]
          ]
        ]
      ]
    }
  },
  "resources": [
    {
      "mode": "managed",
      "type": "aws_instance",
      "name": "brokers",
      "provider": "provider[\"registry.terraform.io/hashicorp/aws\"]",
      "instances": [
        {
          "index_key": 0,
          "schema_version": 1,
          "attributes": {
            "ami": "ami-078d82bef2cfbafde",
            "arn": "arn:aws:ec2:us-west-2:492737776546:instance/i-07e88c55ebb9993c8",
            "associate_public_ip_address": false,
            "availability_zone": "us-west-2a",
            "capacity_reservation_specification": [
              {
                "capacity_reservation_preference": "open",
                "capacity_reservation_target": []
              }
            ],
            "cpu_core_count": 2,
            "cpu_threads_per_core": 2,
            "credit_specification": [],
            "disable_api_stop": false,
            "disable_api_termination": false,
            "ebs_block_device": [],
            "ebs_optimized": false,
            "enclave_options": [
              {
                "enabled": false
              }
            ],
            "ephemeral_block_device": [],
            "get_password_data": false,
            "hibernation": false,
            "host_id": "",
            "host_resource_group_arn": null,
            "iam_instance_profile": "",
            "id": "i-07e88c55ebb9993c8",
            "instance_initiated_shutdown_behavior": "stop",
            "instance_state": "running",
            "instance_type": "r5.xlarge",
            "ipv6_address_count": 0,
            "ipv6_addresses": [],
            "key_name": "snehalkey_ubuntu 20.04",
            "launch_template": [],
            "maintenance_options": [
              {
                "auto_recovery": "default"
              }
            ],
            "metadata_options": [
              {
                "http_endpoint": "enabled",
                "http_put_response_hop_limit": 1,
                "http_tokens": "optional",
                "instance_metadata_tags": "disabled"
              }
            ],
            "monitoring": false,
            "network_interface": [],
            "outpost_arn": "",
            "password_data": "",
            "placement_group": "",
            "placement_partition_number": 0,
            "primary_network_interface_id": "eni-03f86c2b8f4d10dc3",
            "private_dns": "ip-172-32-63-81.us-west-2.compute.internal",
            "private_dns_name_options": [
              {
                "enable_resource_name_dns_a_record": false,
                "enable_resource_name_dns_aaaa_record": false,
                "hostname_type": "ip-name"
              }
            ],
            "private_ip": "172.32.63.81",
            "public_dns": "",
            "public_ip": "",
            "root_block_device": [
              {
                "delete_on_termination": true,
                "device_name": "/dev/sda1",
                "encrypted": false,
                "iops": 192,
                "kms_key_id": "",
                "tags": null,
                "throughput": 0,
                "volume_id": "vol-03e2bd9fd0229753e",
                "volume_size": 64,
                "volume_type": "gp2"
              }
            ],
            "secondary_private_ips": [],
            "security_groups": [],
            "source_dest_check": true,
            "subnet_id": "subnet-0de32effd9a02cb3a",
            "tags": {
              "Name": "snehal-broker-0",
              "Schedule": "kafka-mon-8am-fri-6pm",
              "big-nice-name": "follower-kafka-0",
              "brokerid": "0",
              "createdBy": "terraform",
              "description": "broker nodes - Managed by Terraform",
              "nice-name": "kafka-0",
              "region": "us-west-2",
              "role": "broker",
              "role_region": "brokers-us-west-2",
              "sshUser": "ubuntu"
            },
            "tags_all": {
              "Name": "snehal-broker-0",
              "Schedule": "kafka-mon-8am-fri-6pm",
              "big-nice-name": "follower-kafka-0",
              "brokerid": "0",
              "createdBy": "terraform",
              "description": "broker nodes - Managed by Terraform",
              "nice-name": "kafka-0",
              "owner_email": "ssontale@confluent.io",
              "owner_name": "Snehal Sontale",
              "purpose": "Bootcamp usa",
              "region": "us-west-2",
              "role": "broker",
              "role_region": "brokers-us-west-2",
              "sshUser": "ubuntu"
            },
            "tenancy": "default",
            "timeouts": null,
            "user_data": null,
            "user_data_base64": null,
            "user_data_replace_on_change": false,
            "volume_tags": null,
            "vpc_security_group_ids": [
              "sg-0576ac1143fe015b6"
            ]
          },
          "sensitive_attributes": [],
          "private": "eyJlMmJmYjczMC1lY2FhLTExZTYtOGY4OC0zNDM2M2JjN2M0YzAiOnsiY3JlYXRlIjo2MDAwMDAwMDAwMDAsImRlbGV0ZSI6MTIwMDAwMDAwMDAwMCwidXBkYXRlIjo2MDAwMDAwMDAwMDB9LCJzY2hlbWFfdmVyc2lvbiI6IjEifQ=="
        },
        {
          "index_key": 1,
          "schema_version": 1,
          "attributes": {
            "ami": "ami-078d82bef2cfbafde",
            "arn": "arn:aws:ec2:us-west-2:492737776546:instance/i-0c8094c5fdad688ac",
            "associate_public_ip_address": false,
            "availability_zone": "us-west-2b",
            "capacity_reservation_specification": [
              {
                "capacity_reservation_preference": "open",
                "capacity_reservation_target": []
              }
            ],
            "cpu_core_count": 2,
            "cpu_threads_per_core": 2,
            "credit_specification": [],
            "disable_api_stop": false,
            "disable_api_termination": false,
            "ebs_block_device": [],
            "ebs_optimized": false,
            "enclave_options": [
              {
                "enabled": false
              }
            ],
            "ephemeral_block_device": [],
            "get_password_data": false,
            "hibernation": false,
            "host_id": "",
            "host_resource_group_arn": null,
            "iam_instance_profile": "",
            "id": "i-0c8094c5fdad688ac",
            "instance_initiated_shutdown_behavior": "stop",
            "instance_state": "running",
            "instance_type": "r5.xlarge",
            "ipv6_address_count": 0,
            "ipv6_addresses": [],
            "key_name": "snehalkey_ubuntu 20.04",
            "launch_template": [],
            "maintenance_options": [
              {
                "auto_recovery": "default"
              }
            ],
            "metadata_options": [
              {
                "http_endpoint": "enabled",
                "http_put_response_hop_limit": 1,
                "http_tokens": "optional",
                "instance_metadata_tags": "disabled"
              }
            ],
            "monitoring": false,
            "network_interface": [],
            "outpost_arn": "",
            "password_data": "",
            "placement_group": "",
            "placement_partition_number": 0,
            "primary_network_interface_id": "eni-00882771e9e73d4c3",
            "private_dns": "ip-172-32-78-247.us-west-2.compute.internal",
            "private_dns_name_options": [
              {
                "enable_resource_name_dns_a_record": false,
                "enable_resource_name_dns_aaaa_record": false,
                "hostname_type": "ip-name"
              }
            ],
            "private_ip": "172.32.78.247",
            "public_dns": "",
            "public_ip": "",
            "root_block_device": [
              {
                "delete_on_termination": true,
                "device_name": "/dev/sda1",
                "encrypted": false,
                "iops": 192,
                "kms_key_id": "",
                "tags": null,
                "throughput": 0,
                "volume_id": "vol-0896464ffa229f9d8",
                "volume_size": 64,
                "volume_type": "gp2"
              }
            ],
            "secondary_private_ips": [],
            "security_groups": [],
            "source_dest_check": true,
            "subnet_id": "subnet-0c059db397e5bcfb5",
            "tags": {
              "Name": "snehal-broker-1",
              "Schedule": "kafka-mon-8am-fri-6pm",
              "big-nice-name": "follower-kafka-1",
              "brokerid": "1",
              "createdBy": "terraform",
              "description": "broker nodes - Managed by Terraform",
              "nice-name": "kafka-1",
              "region": "us-west-2",
              "role": "broker",
              "role_region": "brokers-us-west-2",
              "sshUser": "ubuntu"
            },
            "tags_all": {
              "Name": "snehal-broker-1",
              "Schedule": "kafka-mon-8am-fri-6pm",
              "big-nice-name": "follower-kafka-1",
              "brokerid": "1",
              "createdBy": "terraform",
              "description": "broker nodes - Managed by Terraform",
              "nice-name": "kafka-1",
              "owner_email": "ssontale@confluent.io",
              "owner_name": "Snehal Sontale",
              "purpose": "Bootcamp usa",
              "region": "us-west-2",
              "role": "broker",
              "role_region": "brokers-us-west-2",
              "sshUser": "ubuntu"
            },
            "tenancy": "default",
            "timeouts": null,
            "user_data": null,
            "user_data_base64": null,
            "user_data_replace_on_change": false,
            "volume_tags": null,
            "vpc_security_group_ids": [
              "sg-0576ac1143fe015b6"
            ]
          },
          "sensitive_attributes": [],
          "private": "eyJlMmJmYjczMC1lY2FhLTExZTYtOGY4OC0zNDM2M2JjN2M0YzAiOnsiY3JlYXRlIjo2MDAwMDAwMDAwMDAsImRlbGV0ZSI6MTIwMDAwMDAwMDAwMCwidXBkYXRlIjo2MDAwMDAwMDAwMDB9LCJzY2hlbWFfdmVyc2lvbiI6IjEifQ=="
        },
        {
          "index_key": 2,
          "schema_version": 1,
          "attributes": {
            "ami": "ami-078d82bef2cfbafde",
            "arn": "arn:aws:ec2:us-west-2:492737776546:instance/i-088f4419fab82e224",
            "associate_public_ip_address": false,
            "availability_zone": "us-west-2c",
            "capacity_reservation_specification": [
              {
                "capacity_reservation_preference": "open",
                "capacity_reservation_target": []
              }
            ],
            "cpu_core_count": 2,
            "cpu_threads_per_core": 2,
            "credit_specification": [],
            "disable_api_stop": false,
            "disable_api_termination": false,
            "ebs_block_device": [],
            "ebs_optimized": false,
            "enclave_options": [
              {
                "enabled": false
              }
            ],
            "ephemeral_block_device": [],
            "get_password_data": false,
            "hibernation": false,
            "host_id": "",
            "host_resource_group_arn": null,
            "iam_instance_profile": "",
            "id": "i-088f4419fab82e224",
            "instance_initiated_shutdown_behavior": "stop",
            "instance_state": "running",
            "instance_type": "r5.xlarge",
            "ipv6_address_count": 0,
            "ipv6_addresses": [],
            "key_name": "snehalkey_ubuntu 20.04",
            "launch_template": [],
            "maintenance_options": [
              {
                "auto_recovery": "default"
              }
            ],
            "metadata_options": [
              {
                "http_endpoint": "enabled",
                "http_put_response_hop_limit": 1,
                "http_tokens": "optional",
                "instance_metadata_tags": "disabled"
              }
            ],
            "monitoring": false,
            "network_interface": [],
            "outpost_arn": "",
            "password_data": "",
            "placement_group": "",
            "placement_partition_number": 0,
            "primary_network_interface_id": "eni-0a098298ddcd6497a",
            "private_dns": "ip-172-32-83-112.us-west-2.compute.internal",
            "private_dns_name_options": [
              {
                "enable_resource_name_dns_a_record": false,
                "enable_resource_name_dns_aaaa_record": false,
                "hostname_type": "ip-name"
              }
            ],
            "private_ip": "172.32.83.112",
            "public_dns": "",
            "public_ip": "",
            "root_block_device": [
              {
                "delete_on_termination": true,
                "device_name": "/dev/sda1",
                "encrypted": false,
                "iops": 192,
                "kms_key_id": "",
                "tags": null,
                "throughput": 0,
                "volume_id": "vol-0b91c457a4d9df17f",
                "volume_size": 64,
                "volume_type": "gp2"
              }
            ],
            "secondary_private_ips": [],
            "security_groups": [],
            "source_dest_check": true,
            "subnet_id": "subnet-0c9e95ca516b1dfbf",
            "tags": {
              "Name": "snehal-broker-2",
              "Schedule": "kafka-mon-8am-fri-6pm",
              "big-nice-name": "follower-kafka-2",
              "brokerid": "2",
              "createdBy": "terraform",
              "description": "broker nodes - Managed by Terraform",
              "nice-name": "kafka-2",
              "region": "us-west-2",
              "role": "broker",
              "role_region": "brokers-us-west-2",
              "sshUser": "ubuntu"
            },
            "tags_all": {
              "Name": "snehal-broker-2",
              "Schedule": "kafka-mon-8am-fri-6pm",
              "big-nice-name": "follower-kafka-2",
              "brokerid": "2",
              "createdBy": "terraform",
              "description": "broker nodes - Managed by Terraform",
              "nice-name": "kafka-2",
              "owner_email": "ssontale@confluent.io",
              "owner_name": "Snehal Sontale",
              "purpose": "Bootcamp usa",
              "region": "us-west-2",
              "role": "broker",
              "role_region": "brokers-us-west-2",
              "sshUser": "ubuntu"
            },
            "tenancy": "default",
            "timeouts": null,
            "user_data": null,
            "user_data_base64": null,
            "user_data_replace_on_change": false,
            "volume_tags": null,
            "vpc_security_group_ids": [
              "sg-0576ac1143fe015b6"
            ]
          },
          "sensitive_attributes": [],
          "private": "eyJlMmJmYjczMC1lY2FhLTExZTYtOGY4OC0zNDM2M2JjN2M0YzAiOnsiY3JlYXRlIjo2MDAwMDAwMDAwMDAsImRlbGV0ZSI6MTIwMDAwMDAwMDAwMCwidXBkYXRlIjo2MDAwMDAwMDAwMDB9LCJzY2hlbWFfdmVyc2lvbiI6IjEifQ=="
        }
      ]
    },
    {
      "mode": "managed",
      "type": "aws_instance",
      "name": "connect-cluster",
      "provider": "provider[\"registry.terraform.io/hashicorp/aws\"]",
      "instances": [
        {
          "index_key": 0,
          "schema_version": 1,
          "attributes": {
            "ami": "ami-078d82bef2cfbafde",
            "arn": "arn:aws:ec2:us-west-2:492737776546:instance/i-06294c7cbb0644d65",
            "associate_public_ip_address": false,
            "availability_zone": "us-west-2a",
            "capacity_reservation_specification": [
              {
                "capacity_reservation_preference": "open",
                "capacity_reservation_target": []
              }
            ],
            "cpu_core_count": 1,
            "cpu_threads_per_core": 2,
            "credit_specification": [
              {
                "cpu_credits": "unlimited"
              }
            ],
            "disable_api_stop": false,
            "disable_api_termination": false,
            "ebs_block_device": [],
            "ebs_optimized": false,
            "enclave_options": [
              {
                "enabled": false
              }
            ],
            "ephemeral_block_device": [],
            "get_password_data": false,
            "hibernation": false,
            "host_id": "",
            "host_resource_group_arn": null,
            "iam_instance_profile": "",
            "id": "i-06294c7cbb0644d65",
            "instance_initiated_shutdown_behavior": "stop",
            "instance_state": "running",
            "instance_type": "t3a.small",
            "ipv6_address_count": 0,
            "ipv6_addresses": [],
            "key_name": "snehalkey_ubuntu 20.04",
            "launch_template": [],
            "maintenance_options": [
              {
                "auto_recovery": "default"
              }
            ],
            "metadata_options": [
              {
                "http_endpoint": "enabled",
                "http_put_response_hop_limit": 1,
                "http_tokens": "optional",
                "instance_metadata_tags": "disabled"
              }
            ],
            "monitoring": false,
            "network_interface": [],
            "outpost_arn": "",
            "password_data": "",
            "placement_group": "",
            "placement_partition_number": 0,
            "primary_network_interface_id": "eni-0bdbb3a666901ec98",
            "private_dns": "ip-172-32-51-114.us-west-2.compute.internal",
            "private_dns_name_options": [
              {
                "enable_resource_name_dns_a_record": false,
                "enable_resource_name_dns_aaaa_record": false,
                "hostname_type": "ip-name"
              }
            ],
            "private_ip": "172.32.51.114",
            "public_dns": "",
            "public_ip": "",
            "root_block_device": [
              {
                "delete_on_termination": true,
                "device_name": "/dev/sda1",
                "encrypted": false,
                "iops": 100,
                "kms_key_id": "",
                "tags": null,
                "throughput": 0,
                "volume_id": "vol-03c18c0a6a25e04f1",
                "volume_size": 20,
                "volume_type": "gp2"
              }
            ],
            "secondary_private_ips": [],
            "security_groups": [],
            "source_dest_check": true,
            "subnet_id": "subnet-0de32effd9a02cb3a",
            "tags": {
              "Name": "snehal-connect-0",
              "Schedule": "mon-8am-fri-6pm",
              "description": "Connect nodes - Managed by Terraform",
              "region": "us-west-2",
              "role": "connect",
              "role_region": "connect-us-west-2",
              "sshUser": "ubuntu"
            },
            "tags_all": {
              "Name": "snehal-connect-0",
              "Schedule": "mon-8am-fri-6pm",
              "description": "Connect nodes - Managed by Terraform",
              "owner_email": "ssontale@confluent.io",
              "owner_name": "Snehal Sontale",
              "purpose": "Bootcamp usa",
              "region": "us-west-2",
              "role": "connect",
              "role_region": "connect-us-west-2",
              "sshUser": "ubuntu"
            },
            "tenancy": "default",
            "timeouts": null,
            "user_data": null,
            "user_data_base64": null,
            "user_data_replace_on_change": false,
            "volume_tags": null,
            "vpc_security_group_ids": [
              "sg-0576ac1143fe015b6"
            ]
          },
          "sensitive_attributes": [],
          "private": "eyJlMmJmYjczMC1lY2FhLTExZTYtOGY4OC0zNDM2M2JjN2M0YzAiOnsiY3JlYXRlIjo2MDAwMDAwMDAwMDAsImRlbGV0ZSI6MTIwMDAwMDAwMDAwMCwidXBkYXRlIjo2MDAwMDAwMDAwMDB9LCJzY2hlbWFfdmVyc2lvbiI6IjEifQ=="
        }
      ]
    },
    {
      "mode": "managed",
      "type": "aws_instance",
      "name": "control-center",
      "provider": "provider[\"registry.terraform.io/hashicorp/aws\"]",
      "instances": [
        {
          "index_key": 0,
          "schema_version": 1,
          "attributes": {
            "ami": "ami-078d82bef2cfbafde",
            "arn": "arn:aws:ec2:us-west-2:492737776546:instance/i-0d22262810d7619d0",
            "associate_public_ip_address": false,
            "availability_zone": "us-west-2a",
            "capacity_reservation_specification": [
              {
                "capacity_reservation_preference": "open",
                "capacity_reservation_target": []
              }
            ],
            "cpu_core_count": 2,
            "cpu_threads_per_core": 2,
            "credit_specification": [],
            "disable_api_stop": false,
            "disable_api_termination": false,
            "ebs_block_device": [],
            "ebs_optimized": false,
            "enclave_options": [
              {
                "enabled": false
              }
            ],
            "ephemeral_block_device": [],
            "get_password_data": false,
            "hibernation": false,
            "host_id": "",
            "host_resource_group_arn": null,
            "iam_instance_profile": "",
            "id": "i-0d22262810d7619d0",
            "instance_initiated_shutdown_behavior": "stop",
            "instance_state": "running",
            "instance_type": "r5.xlarge",
            "ipv6_address_count": 0,
            "ipv6_addresses": [],
            "key_name": "snehalkey_ubuntu 20.04",
            "launch_template": [],
            "maintenance_options": [
              {
                "auto_recovery": "default"
              }
            ],
            "metadata_options": [
              {
                "http_endpoint": "enabled",
                "http_put_response_hop_limit": 1,
                "http_tokens": "optional",
                "instance_metadata_tags": "disabled"
              }
            ],
            "monitoring": false,
            "network_interface": [],
            "outpost_arn": "",
            "password_data": "",
            "placement_group": "",
            "placement_partition_number": 0,
            "primary_network_interface_id": "eni-01eea1b3c64376048",
            "private_dns": "ip-172-32-63-171.us-west-2.compute.internal",
            "private_dns_name_options": [
              {
                "enable_resource_name_dns_a_record": false,
                "enable_resource_name_dns_aaaa_record": false,
                "hostname_type": "ip-name"
              }
            ],
            "private_ip": "172.32.63.171",
            "public_dns": "",
            "public_ip": "",
            "root_block_device": [
              {
                "delete_on_termination": true,
                "device_name": "/dev/sda1",
                "encrypted": false,
                "iops": 192,
                "kms_key_id": "",
                "tags": null,
                "throughput": 0,
                "volume_id": "vol-050f12e098409dc46",
                "volume_size": 64,
                "volume_type": "gp2"
              }
            ],
            "secondary_private_ips": [],
            "security_groups": [],
            "source_dest_check": true,
            "subnet_id": "subnet-0de32effd9a02cb3a",
            "tags": {
              "Name": "snehal-control-center-0",
              "Schedule": "mon-8am-fri-6pm",
              "description": "Control Center nodes - Managed by Terraform",
              "region": "us-west-2",
              "role": "schema",
              "role_region": "schema-us-west-2",
              "sshUser": "ubuntu"
            },
            "tags_all": {
              "Name": "snehal-control-center-0",
              "Schedule": "mon-8am-fri-6pm",
              "description": "Control Center nodes - Managed by Terraform",
              "owner_email": "ssontale@confluent.io",
              "owner_name": "Snehal Sontale",
              "purpose": "Bootcamp usa",
              "region": "us-west-2",
              "role": "schema",
              "role_region": "schema-us-west-2",
              "sshUser": "ubuntu"
            },
            "tenancy": "default",
            "timeouts": null,
            "user_data": null,
            "user_data_base64": null,
            "user_data_replace_on_change": false,
            "volume_tags": null,
            "vpc_security_group_ids": [
              "sg-0576ac1143fe015b6"
            ]
          },
          "sensitive_attributes": [],
          "private": "eyJlMmJmYjczMC1lY2FhLTExZTYtOGY4OC0zNDM2M2JjN2M0YzAiOnsiY3JlYXRlIjo2MDAwMDAwMDAwMDAsImRlbGV0ZSI6MTIwMDAwMDAwMDAwMCwidXBkYXRlIjo2MDAwMDAwMDAwMDB9LCJzY2hlbWFfdmVyc2lvbiI6IjEifQ=="
        }
      ]
    },
    {
      "mode": "managed",
      "type": "aws_instance",
      "name": "ksql",
      "provider": "provider[\"registry.terraform.io/hashicorp/aws\"]",
      "instances": [
        {
          "index_key": 0,
          "schema_version": 1,
          "attributes": {
            "ami": "ami-078d82bef2cfbafde",
            "arn": "arn:aws:ec2:us-west-2:492737776546:instance/i-0ad83973949e50fd5",
            "associate_public_ip_address": false,
            "availability_zone": "us-west-2a",
            "capacity_reservation_specification": [
              {
                "capacity_reservation_preference": "open",
                "capacity_reservation_target": []
              }
            ],
            "cpu_core_count": 1,
            "cpu_threads_per_core": 2,
            "credit_specification": [
              {
                "cpu_credits": "unlimited"
              }
            ],
            "disable_api_stop": false,
            "disable_api_termination": false,
            "ebs_block_device": [],
            "ebs_optimized": false,
            "enclave_options": [
              {
                "enabled": false
              }
            ],
            "ephemeral_block_device": [],
            "get_password_data": false,
            "hibernation": false,
            "host_id": "",
            "host_resource_group_arn": null,
            "iam_instance_profile": "",
            "id": "i-0ad83973949e50fd5",
            "instance_initiated_shutdown_behavior": "stop",
            "instance_state": "running",
            "instance_type": "t3a.medium",
            "ipv6_address_count": 0,
            "ipv6_addresses": [],
            "key_name": "snehalkey_ubuntu 20.04",
            "launch_template": [],
            "maintenance_options": [
              {
                "auto_recovery": "default"
              }
            ],
            "metadata_options": [
              {
                "http_endpoint": "enabled",
                "http_put_response_hop_limit": 1,
                "http_tokens": "optional",
                "instance_metadata_tags": "disabled"
              }
            ],
            "monitoring": false,
            "network_interface": [],
            "outpost_arn": "",
            "password_data": "",
            "placement_group": "",
            "placement_partition_number": 0,
            "primary_network_interface_id": "eni-07f693985641e52b3",
            "private_dns": "ip-172-32-57-115.us-west-2.compute.internal",
            "private_dns_name_options": [
              {
                "enable_resource_name_dns_a_record": false,
                "enable_resource_name_dns_aaaa_record": false,
                "hostname_type": "ip-name"
              }
            ],
            "private_ip": "172.32.57.115",
            "public_dns": "",
            "public_ip": "",
            "root_block_device": [
              {
                "delete_on_termination": true,
                "device_name": "/dev/sda1",
                "encrypted": false,
                "iops": 192,
                "kms_key_id": "",
                "tags": null,
                "throughput": 0,
                "volume_id": "vol-007cabed0adba4f31",
                "volume_size": 64,
                "volume_type": "gp2"
              }
            ],
            "secondary_private_ips": [],
            "security_groups": [],
            "source_dest_check": true,
            "subnet_id": "subnet-0de32effd9a02cb3a",
            "tags": {
              "Name": "snehal-ksql-0",
              "Schedule": "mon-8am-fri-6pm",
              "description": "Rest nodes - Managed by Terraform",
              "region": "us-west-2",
              "role": "schema",
              "role_region": "schema-us-west-2",
              "sshUser": "ubuntu"
            },
            "tags_all": {
              "Name": "snehal-ksql-0",
              "Schedule": "mon-8am-fri-6pm",
              "description": "Rest nodes - Managed by Terraform",
              "owner_email": "ssontale@confluent.io",
              "owner_name": "Snehal Sontale",
              "purpose": "Bootcamp usa",
              "region": "us-west-2",
              "role": "schema",
              "role_region": "schema-us-west-2",
              "sshUser": "ubuntu"
            },
            "tenancy": "default",
            "timeouts": null,
            "user_data": null,
            "user_data_base64": null,
            "user_data_replace_on_change": false,
            "volume_tags": null,
            "vpc_security_group_ids": [
              "sg-0576ac1143fe015b6"
            ]
          },
          "sensitive_attributes": [],
          "private": "eyJlMmJmYjczMC1lY2FhLTExZTYtOGY4OC0zNDM2M2JjN2M0YzAiOnsiY3JlYXRlIjo2MDAwMDAwMDAwMDAsImRlbGV0ZSI6MTIwMDAwMDAwMDAwMCwidXBkYXRlIjo2MDAwMDAwMDAwMDB9LCJzY2hlbWFfdmVyc2lvbiI6IjEifQ=="
        }
      ]
    },
    {
      "mode": "managed",
      "type": "aws_instance",
      "name": "schema",
      "provider": "provider[\"registry.terraform.io/hashicorp/aws\"]",
      "instances": [
        {
          "index_key": 0,
          "schema_version": 1,
          "attributes": {
            "ami": "ami-078d82bef2cfbafde",
            "arn": "arn:aws:ec2:us-west-2:492737776546:instance/i-01a99b65f908b34e7",
            "associate_public_ip_address": false,
            "availability_zone": "us-west-2a",
            "capacity_reservation_specification": [
              {
                "capacity_reservation_preference": "open",
                "capacity_reservation_target": []
              }
            ],
            "cpu_core_count": 1,
            "cpu_threads_per_core": 2,
            "credit_specification": [
              {
                "cpu_credits": "unlimited"
              }
            ],
            "disable_api_stop": false,
            "disable_api_termination": false,
            "ebs_block_device": [],
            "ebs_optimized": false,
            "enclave_options": [
              {
                "enabled": false
              }
            ],
            "ephemeral_block_device": [],
            "get_password_data": false,
            "hibernation": false,
            "host_id": "",
            "host_resource_group_arn": null,
            "iam_instance_profile": "",
            "id": "i-01a99b65f908b34e7",
            "instance_initiated_shutdown_behavior": "stop",
            "instance_state": "running",
            "instance_type": "t3a.medium",
            "ipv6_address_count": 0,
            "ipv6_addresses": [],
            "key_name": "snehalkey_ubuntu 20.04",
            "launch_template": [],
            "maintenance_options": [
              {
                "auto_recovery": "default"
              }
            ],
            "metadata_options": [
              {
                "http_endpoint": "enabled",
                "http_put_response_hop_limit": 1,
                "http_tokens": "optional",
                "instance_metadata_tags": "disabled"
              }
            ],
            "monitoring": false,
            "network_interface": [],
            "outpost_arn": "",
            "password_data": "",
            "placement_group": "",
            "placement_partition_number": 0,
            "primary_network_interface_id": "eni-09dcb08b1009f7048",
            "private_dns": "ip-172-32-58-49.us-west-2.compute.internal",
            "private_dns_name_options": [
              {
                "enable_resource_name_dns_a_record": false,
                "enable_resource_name_dns_aaaa_record": false,
                "hostname_type": "ip-name"
              }
            ],
            "private_ip": "172.32.58.49",
            "public_dns": "",
            "public_ip": "",
            "root_block_device": [
              {
                "delete_on_termination": true,
                "device_name": "/dev/sda1",
                "encrypted": false,
                "iops": 100,
                "kms_key_id": "",
                "tags": null,
                "throughput": 0,
                "volume_id": "vol-08eeb645fe534485d",
                "volume_size": 20,
                "volume_type": "gp2"
              }
            ],
            "secondary_private_ips": [],
            "security_groups": [],
            "source_dest_check": true,
            "subnet_id": "subnet-0de32effd9a02cb3a",
            "tags": {
              "Name": "snehal-schema-0",
              "Schedule": "mon-8am-fri-6pm",
              "description": "Schema nodes - Managed by Terraform",
              "region": "us-west-2",
              "role": "schema",
              "role_region": "schema-us-west-2",
              "sshUser": "ubuntu"
            },
            "tags_all": {
              "Name": "snehal-schema-0",
              "Schedule": "mon-8am-fri-6pm",
              "description": "Schema nodes - Managed by Terraform",
              "owner_email": "ssontale@confluent.io",
              "owner_name": "Snehal Sontale",
              "purpose": "Bootcamp usa",
              "region": "us-west-2",
              "role": "schema",
              "role_region": "schema-us-west-2",
              "sshUser": "ubuntu"
            },
            "tenancy": "default",
            "timeouts": null,
            "user_data": null,
            "user_data_base64": null,
            "user_data_replace_on_change": false,
            "volume_tags": null,
            "vpc_security_group_ids": [
              "sg-0576ac1143fe015b6"
            ]
          },
          "sensitive_attributes": [],
          "private": "eyJlMmJmYjczMC1lY2FhLTExZTYtOGY4OC0zNDM2M2JjN2M0YzAiOnsiY3JlYXRlIjo2MDAwMDAwMDAwMDAsImRlbGV0ZSI6MTIwMDAwMDAwMDAwMCwidXBkYXRlIjo2MDAwMDAwMDAwMDB9LCJzY2hlbWFfdmVyc2lvbiI6IjEifQ=="
        }
      ]
    },
    {
      "mode": "managed",
      "type": "aws_instance",
      "name": "zookeepers",
      "provider": "provider[\"registry.terraform.io/hashicorp/aws\"]",
      "instances": [
        {
          "index_key": 0,
          "schema_version": 1,
          "attributes": {
            "ami": "ami-078d82bef2cfbafde",
            "arn": "arn:aws:ec2:us-west-2:492737776546:instance/i-0c7f6455dd0a1637f",
            "associate_public_ip_address": false,
            "availability_zone": "us-west-2a",
            "capacity_reservation_specification": [
              {
                "capacity_reservation_preference": "open",
                "capacity_reservation_target": []
              }
            ],
            "cpu_core_count": 1,
            "cpu_threads_per_core": 2,
            "credit_specification": [
              {
                "cpu_credits": "unlimited"
              }
            ],
            "disable_api_stop": false,
            "disable_api_termination": false,
            "ebs_block_device": [],
            "ebs_optimized": false,
            "enclave_options": [
              {
                "enabled": false
              }
            ],
            "ephemeral_block_device": [],
            "get_password_data": false,
            "hibernation": false,
            "host_id": "",
            "host_resource_group_arn": null,
            "iam_instance_profile": "",
            "id": "i-0c7f6455dd0a1637f",
            "instance_initiated_shutdown_behavior": "stop",
            "instance_state": "running",
            "instance_type": "t3a.medium",
            "ipv6_address_count": 0,
            "ipv6_addresses": [],
            "key_name": "snehalkey_ubuntu 20.04",
            "launch_template": [],
            "maintenance_options": [
              {
                "auto_recovery": "default"
              }
            ],
            "metadata_options": [
              {
                "http_endpoint": "enabled",
                "http_put_response_hop_limit": 1,
                "http_tokens": "optional",
                "instance_metadata_tags": "disabled"
              }
            ],
            "monitoring": false,
            "network_interface": [],
            "outpost_arn": "",
            "password_data": "",
            "placement_group": "",
            "placement_partition_number": 0,
            "primary_network_interface_id": "eni-0bec0a410c1d46376",
            "private_dns": "ip-172-32-62-99.us-west-2.compute.internal",
            "private_dns_name_options": [
              {
                "enable_resource_name_dns_a_record": false,
                "enable_resource_name_dns_aaaa_record": false,
                "hostname_type": "ip-name"
              }
            ],
            "private_ip": "172.32.62.99",
            "public_dns": "",
            "public_ip": "",
            "root_block_device": [
              {
                "delete_on_termination": true,
                "device_name": "/dev/sda1",
                "encrypted": false,
                "iops": 150,
                "kms_key_id": "",
                "tags": null,
                "throughput": 0,
                "volume_id": "vol-0839cbbf3798d2614",
                "volume_size": 50,
                "volume_type": "gp2"
              }
            ],
            "secondary_private_ips": [],
            "security_groups": [],
            "source_dest_check": true,
            "subnet_id": "subnet-0de32effd9a02cb3a",
            "tags": {
              "Name": "snehal-zookeeper-0",
              "Schedule": "zookeeper-mon-8am-fri-6pm",
              "description": "zookeeper nodes - Managed by Terraform",
              "region": "us-west-2",
              "role": "zookeeper",
              "role_region": "zookeepers-us-west-2",
              "sshUser": "ubuntu",
              "zookeeperid": "0"
            },
            "tags_all": {
              "Name": "snehal-zookeeper-0",
              "Schedule": "zookeeper-mon-8am-fri-6pm",
              "description": "zookeeper nodes - Managed by Terraform",
              "owner_email": "ssontale@confluent.io",
              "owner_name": "Snehal Sontale",
              "purpose": "Bootcamp usa",
              "region": "us-west-2",
              "role": "zookeeper",
              "role_region": "zookeepers-us-west-2",
              "sshUser": "ubuntu",
              "zookeeperid": "0"
            },
            "tenancy": "default",
            "timeouts": null,
            "user_data": null,
            "user_data_base64": null,
            "user_data_replace_on_change": false,
            "volume_tags": null,
            "vpc_security_group_ids": [
              "sg-0576ac1143fe015b6"
            ]
          },
          "sensitive_attributes": [],
          "private": "eyJlMmJmYjczMC1lY2FhLTExZTYtOGY4OC0zNDM2M2JjN2M0YzAiOnsiY3JlYXRlIjo2MDAwMDAwMDAwMDAsImRlbGV0ZSI6MTIwMDAwMDAwMDAwMCwidXBkYXRlIjo2MDAwMDAwMDAwMDB9LCJzY2hlbWFfdmVyc2lvbiI6IjEifQ=="
        },
        {
          "index_key": 1,
          "schema_version": 1,
          "attributes": {
            "ami": "ami-078d82bef2cfbafde",
            "arn": "arn:aws:ec2:us-west-2:492737776546:instance/i-0fb7db3b41df897c2",
            "associate_public_ip_address": false,
            "availability_zone": "us-west-2b",
            "capacity_reservation_specification": [
              {
                "capacity_reservation_preference": "open",
                "capacity_reservation_target": []
              }
            ],
            "cpu_core_count": 1,
            "cpu_threads_per_core": 2,
            "credit_specification": [
              {
                "cpu_credits": "unlimited"
              }
            ],
            "disable_api_stop": false,
            "disable_api_termination": false,
            "ebs_block_device": [],
            "ebs_optimized": false,
            "enclave_options": [
              {
                "enabled": false
              }
            ],
            "ephemeral_block_device": [],
            "get_password_data": false,
            "hibernation": false,
            "host_id": "",
            "host_resource_group_arn": null,
            "iam_instance_profile": "",
            "id": "i-0fb7db3b41df897c2",
            "instance_initiated_shutdown_behavior": "stop",
            "instance_state": "running",
            "instance_type": "t3a.medium",
            "ipv6_address_count": 0,
            "ipv6_addresses": [],
            "key_name": "snehalkey_ubuntu 20.04",
            "launch_template": [],
            "maintenance_options": [
              {
                "auto_recovery": "default"
              }
            ],
            "metadata_options": [
              {
                "http_endpoint": "enabled",
                "http_put_response_hop_limit": 1,
                "http_tokens": "optional",
                "instance_metadata_tags": "disabled"
              }
            ],
            "monitoring": false,
            "network_interface": [],
            "outpost_arn": "",
            "password_data": "",
            "placement_group": "",
            "placement_partition_number": 0,
            "primary_network_interface_id": "eni-05c0b266798a08e75",
            "private_dns": "ip-172-32-72-53.us-west-2.compute.internal",
            "private_dns_name_options": [
              {
                "enable_resource_name_dns_a_record": false,
                "enable_resource_name_dns_aaaa_record": false,
                "hostname_type": "ip-name"
              }
            ],
            "private_ip": "172.32.72.53",
            "public_dns": "",
            "public_ip": "",
            "root_block_device": [
              {
                "delete_on_termination": true,
                "device_name": "/dev/sda1",
                "encrypted": false,
                "iops": 150,
                "kms_key_id": "",
                "tags": null,
                "throughput": 0,
                "volume_id": "vol-06607b3a7de39a278",
                "volume_size": 50,
                "volume_type": "gp2"
              }
            ],
            "secondary_private_ips": [],
            "security_groups": [],
            "source_dest_check": true,
            "subnet_id": "subnet-0c059db397e5bcfb5",
            "tags": {
              "Name": "snehal-zookeeper-1",
              "Schedule": "zookeeper-mon-8am-fri-6pm",
              "description": "zookeeper nodes - Managed by Terraform",
              "region": "us-west-2",
              "role": "zookeeper",
              "role_region": "zookeepers-us-west-2",
              "sshUser": "ubuntu",
              "zookeeperid": "1"
            },
            "tags_all": {
              "Name": "snehal-zookeeper-1",
              "Schedule": "zookeeper-mon-8am-fri-6pm",
              "description": "zookeeper nodes - Managed by Terraform",
              "owner_email": "ssontale@confluent.io",
              "owner_name": "Snehal Sontale",
              "purpose": "Bootcamp usa",
              "region": "us-west-2",
              "role": "zookeeper",
              "role_region": "zookeepers-us-west-2",
              "sshUser": "ubuntu",
              "zookeeperid": "1"
            },
            "tenancy": "default",
            "timeouts": null,
            "user_data": null,
            "user_data_base64": null,
            "user_data_replace_on_change": false,
            "volume_tags": null,
            "vpc_security_group_ids": [
              "sg-0576ac1143fe015b6"
            ]
          },
          "sensitive_attributes": [],
          "private": "eyJlMmJmYjczMC1lY2FhLTExZTYtOGY4OC0zNDM2M2JjN2M0YzAiOnsiY3JlYXRlIjo2MDAwMDAwMDAwMDAsImRlbGV0ZSI6MTIwMDAwMDAwMDAwMCwidXBkYXRlIjo2MDAwMDAwMDAwMDB9LCJzY2hlbWFfdmVyc2lvbiI6IjEifQ=="
        },
        {
          "index_key": 2,
          "schema_version": 1,
          "attributes": {
            "ami": "ami-078d82bef2cfbafde",
            "arn": "arn:aws:ec2:us-west-2:492737776546:instance/i-00afb72a0b3b09d52",
            "associate_public_ip_address": false,
            "availability_zone": "us-west-2c",
            "capacity_reservation_specification": [
              {
                "capacity_reservation_preference": "open",
                "capacity_reservation_target": []
              }
            ],
            "cpu_core_count": 1,
            "cpu_threads_per_core": 2,
            "credit_specification": [
              {
                "cpu_credits": "unlimited"
              }
            ],
            "disable_api_stop": false,
            "disable_api_termination": false,
            "ebs_block_device": [],
            "ebs_optimized": false,
            "enclave_options": [
              {
                "enabled": false
              }
            ],
            "ephemeral_block_device": [],
            "get_password_data": false,
            "hibernation": false,
            "host_id": "",
            "host_resource_group_arn": null,
            "iam_instance_profile": "",
            "id": "i-00afb72a0b3b09d52",
            "instance_initiated_shutdown_behavior": "stop",
            "instance_state": "running",
            "instance_type": "t3a.medium",
            "ipv6_address_count": 0,
            "ipv6_addresses": [],
            "key_name": "snehalkey_ubuntu 20.04",
            "launch_template": [],
            "maintenance_options": [
              {
                "auto_recovery": "default"
              }
            ],
            "metadata_options": [
              {
                "http_endpoint": "enabled",
                "http_put_response_hop_limit": 1,
                "http_tokens": "optional",
                "instance_metadata_tags": "disabled"
              }
            ],
            "monitoring": false,
            "network_interface": [],
            "outpost_arn": "",
            "password_data": "",
            "placement_group": "",
            "placement_partition_number": 0,
            "primary_network_interface_id": "eni-0e29dae87248efd3d",
            "private_dns": "ip-172-32-92-44.us-west-2.compute.internal",
            "private_dns_name_options": [
              {
                "enable_resource_name_dns_a_record": false,
                "enable_resource_name_dns_aaaa_record": false,
                "hostname_type": "ip-name"
              }
            ],
            "private_ip": "172.32.92.44",
            "public_dns": "",
            "public_ip": "",
            "root_block_device": [
              {
                "delete_on_termination": true,
                "device_name": "/dev/sda1",
                "encrypted": false,
                "iops": 150,
                "kms_key_id": "",
                "tags": null,
                "throughput": 0,
                "volume_id": "vol-081568ff815b78478",
                "volume_size": 50,
                "volume_type": "gp2"
              }
            ],
            "secondary_private_ips": [],
            "security_groups": [],
            "source_dest_check": true,
            "subnet_id": "subnet-0c9e95ca516b1dfbf",
            "tags": {
              "Name": "snehal-zookeeper-2",
              "Schedule": "zookeeper-mon-8am-fri-6pm",
              "description": "zookeeper nodes - Managed by Terraform",
              "region": "us-west-2",
              "role": "zookeeper",
              "role_region": "zookeepers-us-west-2",
              "sshUser": "ubuntu",
              "zookeeperid": "2"
            },
            "tags_all": {
              "Name": "snehal-zookeeper-2",
              "Schedule": "zookeeper-mon-8am-fri-6pm",
              "description": "zookeeper nodes - Managed by Terraform",
              "owner_email": "ssontale@confluent.io",
              "owner_name": "Snehal Sontale",
              "purpose": "Bootcamp usa",
              "region": "us-west-2",
              "role": "zookeeper",
              "role_region": "zookeepers-us-west-2",
              "sshUser": "ubuntu",
              "zookeeperid": "2"
            },
            "tenancy": "default",
            "timeouts": null,
            "user_data": null,
            "user_data_base64": null,
            "user_data_replace_on_change": false,
            "volume_tags": null,
            "vpc_security_group_ids": [
              "sg-0576ac1143fe015b6"
            ]
          },
          "sensitive_attributes": [],
          "private": "eyJlMmJmYjczMC1lY2FhLTExZTYtOGY4OC0zNDM2M2JjN2M0YzAiOnsiY3JlYXRlIjo2MDAwMDAwMDAwMDAsImRlbGV0ZSI6MTIwMDAwMDAwMDAwMCwidXBkYXRlIjo2MDAwMDAwMDAwMDB9LCJzY2hlbWFfdmVyc2lvbiI6IjEifQ=="
        }
      ]
    },
    {
      "mode": "managed",
      "type": "aws_route53_record",
      "name": "brokers",
      "provider": "provider[\"registry.terraform.io/hashicorp/aws\"]",
      "instances": [
        {
          "index_key": 0,
          "schema_version": 2,
          "attributes": {
            "alias": [],
            "allow_overwrite": true,
            "failover_routing_policy": [],
            "fqdn": "kafka-0.snehal.bootcamp-americas.confluent.io",
            "geolocation_routing_policy": [],
            "health_check_id": "",
            "id": "Z097249927NQS4H75FVNO_kafka-0.snehal_A",
            "latency_routing_policy": [],
            "multivalue_answer_routing_policy": false,
            "name": "kafka-0.snehal",
            "records": [
              "172.32.63.81"
            ],
            "set_identifier": "",
            "ttl": 300,
            "type": "A",
            "weighted_routing_policy": [],
            "zone_id": "Z097249927NQS4H75FVNO"
          },
          "sensitive_attributes": [],
          "private": "eyJzY2hlbWFfdmVyc2lvbiI6IjIifQ==",
          "dependencies": [
            "aws_instance.brokers"
          ]
        },
        {
          "index_key": 1,
          "schema_version": 2,
          "attributes": {
            "alias": [],
            "allow_overwrite": true,
            "failover_routing_policy": [],
            "fqdn": "kafka-1.snehal.bootcamp-americas.confluent.io",
            "geolocation_routing_policy": [],
            "health_check_id": "",
            "id": "Z097249927NQS4H75FVNO_kafka-1.snehal_A",
            "latency_routing_policy": [],
            "multivalue_answer_routing_policy": false,
            "name": "kafka-1.snehal",
            "records": [
              "172.32.78.247"
            ],
            "set_identifier": "",
            "ttl": 300,
            "type": "A",
            "weighted_routing_policy": [],
            "zone_id": "Z097249927NQS4H75FVNO"
          },
          "sensitive_attributes": [],
          "private": "eyJzY2hlbWFfdmVyc2lvbiI6IjIifQ==",
          "dependencies": [
            "aws_instance.brokers"
          ]
        },
        {
          "index_key": 2,
          "schema_version": 2,
          "attributes": {
            "alias": [],
            "allow_overwrite": true,
            "failover_routing_policy": [],
            "fqdn": "kafka-2.snehal.bootcamp-americas.confluent.io",
            "geolocation_routing_policy": [],
            "health_check_id": "",
            "id": "Z097249927NQS4H75FVNO_kafka-2.snehal_A",
            "latency_routing_policy": [],
            "multivalue_answer_routing_policy": false,
            "name": "kafka-2.snehal",
            "records": [
              "172.32.83.112"
            ],
            "set_identifier": "",
            "ttl": 300,
            "type": "A",
            "weighted_routing_policy": [],
            "zone_id": "Z097249927NQS4H75FVNO"
          },
          "sensitive_attributes": [],
          "private": "eyJzY2hlbWFfdmVyc2lvbiI6IjIifQ==",
          "dependencies": [
            "aws_instance.brokers"
          ]
        }
      ]
    },
    {
      "mode": "managed",
      "type": "aws_route53_record",
      "name": "connect-cluster",
      "provider": "provider[\"registry.terraform.io/hashicorp/aws\"]",
      "instances": [
        {
          "index_key": 0,
          "schema_version": 2,
          "attributes": {
            "alias": [],
            "allow_overwrite": true,
            "failover_routing_policy": [],
            "fqdn": "connect-0.snehal.bootcamp-americas.confluent.io",
            "geolocation_routing_policy": [],
            "health_check_id": "",
            "id": "Z097249927NQS4H75FVNO_connect-0.snehal_A",
            "latency_routing_policy": [],
            "multivalue_answer_routing_policy": false,
            "name": "connect-0.snehal",
            "records": [
              "172.32.51.114"
            ],
            "set_identifier": "",
            "ttl": 300,
            "type": "A",
            "weighted_routing_policy": [],
            "zone_id": "Z097249927NQS4H75FVNO"
          },
          "sensitive_attributes": [],
          "private": "eyJzY2hlbWFfdmVyc2lvbiI6IjIifQ==",
          "dependencies": [
            "aws_instance.connect-cluster"
          ]
        }
      ]
    },
    {
      "mode": "managed",
      "type": "aws_route53_record",
      "name": "control-center",
      "provider": "provider[\"registry.terraform.io/hashicorp/aws\"]",
      "instances": [
        {
          "index_key": 0,
          "schema_version": 2,
          "attributes": {
            "alias": [],
            "allow_overwrite": true,
            "failover_routing_policy": [],
            "fqdn": "controlcenter-0.snehal.bootcamp-americas.confluent.io",
            "geolocation_routing_policy": [],
            "health_check_id": "",
            "id": "Z097249927NQS4H75FVNO_controlcenter-0.snehal_A",
            "latency_routing_policy": [],
            "multivalue_answer_routing_policy": false,
            "name": "controlcenter-0.snehal",
            "records": [
              "172.32.63.171"
            ],
            "set_identifier": "",
            "ttl": 300,
            "type": "A",
            "weighted_routing_policy": [],
            "zone_id": "Z097249927NQS4H75FVNO"
          },
          "sensitive_attributes": [],
          "private": "eyJzY2hlbWFfdmVyc2lvbiI6IjIifQ==",
          "dependencies": [
            "aws_instance.control-center"
          ]
        }
      ]
    },
    {
      "mode": "managed",
      "type": "aws_route53_record",
      "name": "ksql",
      "provider": "provider[\"registry.terraform.io/hashicorp/aws\"]",
      "instances": [
        {
          "index_key": 0,
          "schema_version": 2,
          "attributes": {
            "alias": [],
            "allow_overwrite": true,
            "failover_routing_policy": [],
            "fqdn": "ksql-0.snehal.bootcamp-americas.confluent.io",
            "geolocation_routing_policy": [],
            "health_check_id": "",
            "id": "Z097249927NQS4H75FVNO_ksql-0.snehal_A",
            "latency_routing_policy": [],
            "multivalue_answer_routing_policy": false,
            "name": "ksql-0.snehal",
            "records": [
              "172.32.57.115"
            ],
            "set_identifier": "",
            "ttl": 300,
            "type": "A",
            "weighted_routing_policy": [],
            "zone_id": "Z097249927NQS4H75FVNO"
          },
          "sensitive_attributes": [],
          "private": "eyJzY2hlbWFfdmVyc2lvbiI6IjIifQ==",
          "dependencies": [
            "aws_instance.ksql"
          ]
        }
      ]
    },
    {
      "mode": "managed",
      "type": "aws_route53_record",
      "name": "schema",
      "provider": "provider[\"registry.terraform.io/hashicorp/aws\"]",
      "instances": [
        {
          "index_key": 0,
          "schema_version": 2,
          "attributes": {
            "alias": [],
            "allow_overwrite": true,
            "failover_routing_policy": [],
            "fqdn": "schema-0.snehal.bootcamp-americas.confluent.io",
            "geolocation_routing_policy": [],
            "health_check_id": "",
            "id": "Z097249927NQS4H75FVNO_schema-0.snehal_A",
            "latency_routing_policy": [],
            "multivalue_answer_routing_policy": false,
            "name": "schema-0.snehal",
            "records": [
              "172.32.58.49"
            ],
            "set_identifier": "",
            "ttl": 300,
            "type": "A",
            "weighted_routing_policy": [],
            "zone_id": "Z097249927NQS4H75FVNO"
          },
          "sensitive_attributes": [],
          "private": "eyJzY2hlbWFfdmVyc2lvbiI6IjIifQ==",
          "dependencies": [
            "aws_instance.schema"
          ]
        }
      ]
    },
    {
      "mode": "managed",
      "type": "aws_route53_record",
      "name": "zookeepers",
      "provider": "provider[\"registry.terraform.io/hashicorp/aws\"]",
      "instances": [
        {
          "index_key": 0,
          "schema_version": 2,
          "attributes": {
            "alias": [],
            "allow_overwrite": true,
            "failover_routing_policy": [],
            "fqdn": "zookeeper-0.snehal.bootcamp-americas.confluent.io",
            "geolocation_routing_policy": [],
            "health_check_id": "",
            "id": "Z097249927NQS4H75FVNO_zookeeper-0.snehal_A",
            "latency_routing_policy": [],
            "multivalue_answer_routing_policy": false,
            "name": "zookeeper-0.snehal",
            "records": [
              "172.32.62.99"
            ],
            "set_identifier": "",
            "ttl": 300,
            "type": "A",
            "weighted_routing_policy": [],
            "zone_id": "Z097249927NQS4H75FVNO"
          },
          "sensitive_attributes": [],
          "private": "eyJzY2hlbWFfdmVyc2lvbiI6IjIifQ==",
          "dependencies": [
            "aws_instance.zookeepers"
          ]
        },
        {
          "index_key": 1,
          "schema_version": 2,
          "attributes": {
            "alias": [],
            "allow_overwrite": true,
            "failover_routing_policy": [],
            "fqdn": "zookeeper-1.snehal.bootcamp-americas.confluent.io",
            "geolocation_routing_policy": [],
            "health_check_id": "",
            "id": "Z097249927NQS4H75FVNO_zookeeper-1.snehal_A",
            "latency_routing_policy": [],
            "multivalue_answer_routing_policy": false,
            "name": "zookeeper-1.snehal",
            "records": [
              "172.32.72.53"
            ],
            "set_identifier": "",
            "ttl": 300,
            "type": "A",
            "weighted_routing_policy": [],
            "zone_id": "Z097249927NQS4H75FVNO"
          },
          "sensitive_attributes": [],
          "private": "eyJzY2hlbWFfdmVyc2lvbiI6IjIifQ==",
          "dependencies": [
            "aws_instance.zookeepers"
          ]
        },
        {
          "index_key": 2,
          "schema_version": 2,
          "attributes": {
            "alias": [],
            "allow_overwrite": true,
            "failover_routing_policy": [],
            "fqdn": "zookeeper-2.snehal.bootcamp-americas.confluent.io",
            "geolocation_routing_policy": [],
            "health_check_id": "",
            "id": "Z097249927NQS4H75FVNO_zookeeper-2.snehal_A",
            "latency_routing_policy": [],
            "multivalue_answer_routing_policy": false,
            "name": "zookeeper-2.snehal",
            "records": [
              "172.32.92.44"
            ],
            "set_identifier": "",
            "ttl": 300,
            "type": "A",
            "weighted_routing_policy": [],
            "zone_id": "Z097249927NQS4H75FVNO"
          },
          "sensitive_attributes": [],
          "private": "eyJzY2hlbWFfdmVyc2lvbiI6IjIifQ==",
          "dependencies": [
            "aws_instance.zookeepers"
          ]
        }
      ]
    },
    {
      "mode": "managed",
      "type": "random_integer",
      "name": "monitoring-id",
      "provider": "provider[\"registry.terraform.io/hashicorp/random\"]",
      "instances": [
        {
          "schema_version": 0,
          "attributes": {
            "id": "2",
            "keepers": null,
            "max": 2,
            "min": 0,
            "result": 2,
            "seed": null
          },
          "sensitive_attributes": []
        }
      ]
    }
  ],
  "check_results": null
}
